
Microsoft Visual Studio Solution File, Format Version 12.00
# Visual Studio Version 17
VisualStudioVersion = 17.7.34024.191
MinimumVisualStudioVersion = 10.0.40219.1
Project("{FAE04EC0-301F-11D3-BF4B-00C04F79EFBC}") = "custom-claimsprincipal", "custom-claimsprincipal\custom-claimsprincipal.csproj", "{9719896B-5D93-4B4D-95B6-376684D217A9}"
EndProject
Global
	GlobalSection(SolutionConfigurationPlatforms) = preSolution
		Debug|Any CPU = Debug|Any CPU
		Release|Any CPU = Release|Any CPU
	EndGlobalSection
	GlobalSection(ProjectConfigurationPlatforms) = postSolution
		{9719896B-5D93-4B4D-95B6-376684D217A9}.Debug|Any CPU.ActiveCfg = Debug|Any CPU
		{9719896B-5D93-4B4D-95B6-376684D217A9}.Debug|Any CPU.Build.0 = Debug|Any CPU
		{9719896B-5D93-4B4D-95B6-376684D217A9}.Release|Any CPU.ActiveCfg = Release|Any CPU
		{9719896B-5D93-4B4D-95B6-376684D217A9}.Release|Any CPU.Build.0 = Release|Any CPU
	EndGlobalSection
	GlobalSection(SolutionProperties) = preSolution
		HideSolutionNode = FALSE
	EndGlobalSection
	GlobalSection(ExtensibilityGlobals) = postSolution
		SolutionGuid = {CB2B2962-E19A-4028-9DF4-90AD709B3432}
	EndGlobalSection
EndGlobal
